
Microsoft Visual Studio Solution File, Format Version 12.00
# Visual Studio Version 17
VisualStudioVersion = 17.3.32825.248
MinimumVisualStudioVersion = 10.0.40219.1
Project("{FAE04EC0-301F-11D3-BF4B-00C04F79EFBC}") = "Asignación 5 - Conexion BD Películas", "Asignación 5 - Conexion BD Películas\Asignación 5 - Conexion BD Películas.csproj", "{415AA492-D44D-459F-9EF0-29344481EAE4}"
EndProject
Global
	GlobalSection(SolutionConfigurationPlatforms) = preSolution
		Debug|Any CPU = Debug|Any CPU
		Release|Any CPU = Release|Any CPU
	EndGlobalSection
	GlobalSection(ProjectConfigurationPlatforms) = postSolution
		{415AA492-D44D-459F-9EF0-29344481EAE4}.Debug|Any CPU.ActiveCfg = Debug|Any CPU
		{415AA492-D44D-459F-9EF0-29344481EAE4}.Debug|Any CPU.Build.0 = Debug|Any CPU
		{415AA492-D44D-459F-9EF0-29344481EAE4}.Release|Any CPU.ActiveCfg = Release|Any CPU
		{415AA492-D44D-459F-9EF0-29344481EAE4}.Release|Any CPU.Build.0 = Release|Any CPU
	EndGlobalSection
	GlobalSection(SolutionProperties) = preSolution
		HideSolutionNode = FALSE
	EndGlobalSection
	GlobalSection(ExtensibilityGlobals) = postSolution
		SolutionGuid = {440BB06E-C4AF-43C2-9D0E-F07CD478C43A}
	EndGlobalSection
EndGlobal
